
Microsoft Visual Studio Solution File, Format Version 12.00
# Visual Studio Version 17
VisualStudioVersion = 17.1.32407.343
MinimumVisualStudioVersion = 10.0.40219.1
Project("{2150E333-8FDC-42A3-9474-1A3956D46DE8}") = "Solution Items", "Solution Items", "{0CA79698-5EB9-4F3D-B5DC-8847EE5FCB1E}"
	ProjectSection(SolutionItems) = preProject
		.editorconfig = .editorconfig
	EndProjectSection
EndProject
Project("{9A19103F-16F7-4668-BE54-9A1E7A4F7556}") = "Heroes.StormReplayParser", "Heroes.StormReplayParser\Heroes.StormReplayParser.csproj", "{3F6D1D01-9A8C-48FA-9B5D-CD02316EFDF6}"
EndProject
Project("{9A19103F-16F7-4668-BE54-9A1E7A4F7556}") = "Heroes.StormReplayParser.Tests", "Tests\Heroes.StormReplayParser.Tests\Heroes.StormReplayParser.Tests.csproj", "{0CC70740-B12C-4736-A5D4-A00DCA533AB2}"
EndProject
Project("{2150E333-8FDC-42A3-9474-1A3956D46DE8}") = "Tests", "Tests", "{C07BCF88-2E8B-4F7E-A12A-3238FC1C7262}"
EndProject
Project("{9A19103F-16F7-4668-BE54-9A1E7A4F7556}") = "HeroesParser", "HeroesParser\HeroesParser.csproj", "{4435187F-B829-4D22-8FB9-EE0461E2A978}"
EndProject
Project("{9A19103F-16F7-4668-BE54-9A1E7A4F7556}") = "Heroes.StormReplayParser.Benchmarks", "Heroes.StormReplayParser.Benchmarks\Heroes.StormReplayParser.Benchmarks.csproj", "{8A1F00F3-925A-44AB-8D47-A29E7C713FBD}"
EndProject
Project("{9A19103F-16F7-4668-BE54-9A1E7A4F7556}") = "BitLocator", "BitLocator\BitLocator.csproj", "{DD9FAC04-A7E4-455A-B5A8-7F73D450D7B8}"
EndProject
Project("{FAE04EC0-301F-11D3-BF4B-00C04F79EFBC}") = "HeroesParser.BattleLobby", "HeroesParser.BattleLobby\HeroesParser.BattleLobby.csproj", "{4B046FE7-774E-42D8-A22F-F0F18F8AD009}"
EndProject
Global
	GlobalSection(SolutionConfigurationPlatforms) = preSolution
		Debug|Any CPU = Debug|Any CPU
		Release|Any CPU = Release|Any CPU
	EndGlobalSection
	GlobalSection(ProjectConfigurationPlatforms) = postSolution
		{3F6D1D01-9A8C-48FA-9B5D-CD02316EFDF6}.Debug|Any CPU.ActiveCfg = Debug|Any CPU
		{3F6D1D01-9A8C-48FA-9B5D-CD02316EFDF6}.Debug|Any CPU.Build.0 = Debug|Any CPU
		{3F6D1D01-9A8C-48FA-9B5D-CD02316EFDF6}.Release|Any CPU.ActiveCfg = Release|Any CPU
		{3F6D1D01-9A8C-48FA-9B5D-CD02316EFDF6}.Release|Any CPU.Build.0 = Release|Any CPU
		{0CC70740-B12C-4736-A5D4-A00DCA533AB2}.Debug|Any CPU.ActiveCfg = Debug|Any CPU
		{0CC70740-B12C-4736-A5D4-A00DCA533AB2}.Debug|Any CPU.Build.0 = Debug|Any CPU
		{0CC70740-B12C-4736-A5D4-A00DCA533AB2}.Release|Any CPU.ActiveCfg = Release|Any CPU
		{0CC70740-B12C-4736-A5D4-A00DCA533AB2}.Release|Any CPU.Build.0 = Release|Any CPU
		{4435187F-B829-4D22-8FB9-EE0461E2A978}.Debug|Any CPU.ActiveCfg = Debug|Any CPU
		{4435187F-B829-4D22-8FB9-EE0461E2A978}.Debug|Any CPU.Build.0 = Debug|Any CPU
		{4435187F-B829-4D22-8FB9-EE0461E2A978}.Release|Any CPU.ActiveCfg = Release|Any CPU
		{4435187F-B829-4D22-8FB9-EE0461E2A978}.Release|Any CPU.Build.0 = Release|Any CPU
		{8A1F00F3-925A-44AB-8D47-A29E7C713FBD}.Debug|Any CPU.ActiveCfg = Debug|Any CPU
		{8A1F00F3-925A-44AB-8D47-A29E7C713FBD}.Debug|Any CPU.Build.0 = Debug|Any CPU
		{8A1F00F3-925A-44AB-8D47-A29E7C713FBD}.Release|Any CPU.ActiveCfg = Release|Any CPU
		{8A1F00F3-925A-44AB-8D47-A29E7C713FBD}.Release|Any CPU.Build.0 = Release|Any CPU
		{DD9FAC04-A7E4-455A-B5A8-7F73D450D7B8}.Debug|Any CPU.ActiveCfg = Debug|Any CPU
		{DD9FAC04-A7E4-455A-B5A8-7F73D450D7B8}.Debug|Any CPU.Build.0 = Debug|Any CPU
		{DD9FAC04-A7E4-455A-B5A8-7F73D450D7B8}.Release|Any CPU.ActiveCfg = Release|Any CPU
		{DD9FAC04-A7E4-455A-B5A8-7F73D450D7B8}.Release|Any CPU.Build.0 = Release|Any CPU
		{4B046FE7-774E-42D8-A22F-F0F18F8AD009}.Debug|Any CPU.ActiveCfg = Debug|Any CPU
		{4B046FE7-774E-42D8-A22F-F0F18F8AD009}.Debug|Any CPU.Build.0 = Debug|Any CPU
		{4B046FE7-774E-42D8-A22F-F0F18F8AD009}.Release|Any CPU.ActiveCfg = Release|Any CPU
		{4B046FE7-774E-42D8-A22F-F0F18F8AD009}.Release|Any CPU.Build.0 = Release|Any CPU
	EndGlobalSection
	GlobalSection(SolutionProperties) = preSolution
		HideSolutionNode = FALSE
	EndGlobalSection
	GlobalSection(NestedProjects) = preSolution
		{0CC70740-B12C-4736-A5D4-A00DCA533AB2} = {C07BCF88-2E8B-4F7E-A12A-3238FC1C7262}
	EndGlobalSection
	GlobalSection(ExtensibilityGlobals) = postSolution
		SolutionGuid = {AA80EEE1-EC92-41B7-A52B-0A2DCBC47F37}
	EndGlobalSection
EndGlobal
